
Microsoft Visual Studio Solution File, Format Version 12.00
# Visual Studio Version 17
VisualStudioVersion = 17.14.37203.1 d17.14
MinimumVisualStudioVersion = 10.0.40219.1
Project("{FAE04EC0-301F-11D3-BF4B-00C04F79EFBC}") = "task33", "task33\task33.csproj", "{E4E8E584-97D1-4AED-8990-E4A6F2ABF378}"
EndProject
Global
	GlobalSection(SolutionConfigurationPlatforms) = preSolution
		Debug|Any CPU = Debug|Any CPU
		Release|Any CPU = Release|Any CPU
	EndGlobalSection
	GlobalSection(ProjectConfigurationPlatforms) = postSolution
		{E4E8E584-97D1-4AED-8990-E4A6F2ABF378}.Debug|Any CPU.ActiveCfg = Debug|Any CPU
		{E4E8E584-97D1-4AED-8990-E4A6F2ABF378}.Debug|Any CPU.Build.0 = Debug|Any CPU
		{E4E8E584-97D1-4AED-8990-E4A6F2ABF378}.Release|Any CPU.ActiveCfg = Release|Any CPU
		{E4E8E584-97D1-4AED-8990-E4A6F2ABF378}.Release|Any CPU.Build.0 = Release|Any CPU
	EndGlobalSection
	GlobalSection(SolutionProperties) = preSolution
		HideSolutionNode = FALSE
	EndGlobalSection
	GlobalSection(ExtensibilityGlobals) = postSolution
		SolutionGuid = {F9F8A48C-A5D6-4CCD-97CC-0C42D1016E24}
	EndGlobalSection
EndGlobal
